{
  "requires": true,
  "lockfileVersion": 1,
  "dependencies": {
    "@babel/runtime": {
      "version": "7.16.3",
      "resolved": "https://registry.npmjs.org/@babel/runtime/-/runtime-7.16.3.tgz",
      "integrity": "sha512-WBwekcqacdY2e9AF/Q7WLFUWmdJGJTkbjqTjoMDgXkVZ3ZRUvOPsLb5KdwISoQVsbP+DQzVZW4Zhci0DvpbNTQ==",
      "requires": {
        "regenerator-runtime": "^0.13.4"
      }
    },
    "@react-navigation/core": {
      "version": "6.1.0",
      "resolved": "https://registry.npmjs.org/@react-navigation/core/-/core-6.1.0.tgz",
      "integrity": "sha512-LyZqD/ZCXSK9+ES8KiH+0tU+7aL84jUw1N9OxZfEuns/OcnSXKC3sOO+9NQ9XRowB1wLUfJhmqZ8G8rUlg33fQ==",
      "dev": true,
      "requires": {
        "@react-navigation/routers": "^6.1.0",
        "escape-string-regexp": "^4.0.0",
        "nanoid": "^3.1.23",
        "query-string": "^7.0.0",
        "react-is": "^16.13.0"
      }
    },
    "@react-navigation/native": {
      "version": "6.0.6",
      "resolved": "https://registry.npmjs.org/@react-navigation/native/-/native-6.0.6.tgz",
      "integrity": "sha512-XzL7YPsaRRQgdCQSXbA8PJWLN2I4lhUUvSFoKQPNO4DS6y8eqZI1V8COPYlJg8+tsetGV5J8jt+jVjWL7h6ZrQ==",
      "dev": true,
      "requires": {
        "@react-navigation/core": "^6.1.0",
        "escape-string-regexp": "^4.0.0",
        "nanoid": "^3.1.23"
      }
    },
    "@react-navigation/routers": {
      "version": "6.1.0",
      "resolved": "https://registry.npmjs.org/@react-navigation/routers/-/routers-6.1.0.tgz",
      "integrity": "sha512-8xJL+djIzpFdRW/sGlKojQ06fWgFk1c5jER9501HYJ12LF5DIJFr/tqBI2TJ6bk+y+QFu0nbNyeRC80OjRlmkA==",
      "dev": true,
      "requires": {
        "nanoid": "^3.1.23"
      }
    },
    "decode-uri-component": {
      "version": "0.2.0",
      "resolved": "https://registry.npmjs.org/decode-uri-component/-/decode-uri-component-0.2.0.tgz",
      "integrity": "sha1-6zkTMzRYd1y4TNGh+uBiEGu4dUU=",
      "dev": true
    },
    "escape-string-regexp": {
      "version": "4.0.0",
      "resolved": "https://registry.npmjs.org/escape-string-regexp/-/escape-string-regexp-4.0.0.tgz",
      "integrity": "sha512-TtpcNJ3XAzx3Gq8sWRzJaVajRs0uVxA2YAkdb1jm2YkPz4G6egUFAyA3n5vtEIZefPk5Wa4UXbKuS5fKkJWdgA==",
      "dev": true
    },
    "filter-obj": {
      "version": "1.1.0",
      "resolved": "https://registry.npmjs.org/filter-obj/-/filter-obj-1.1.0.tgz",
      "integrity": "sha1-mzERErxsYSehbgFsbF1/GeCAXFs=",
      "dev": true
    },
    "history": {
      "version": "5.1.0",
      "resolved": "https://registry.npmjs.org/history/-/history-5.1.0.tgz",
      "integrity": "sha512-zPuQgPacm2vH2xdORvGGz1wQMuHSIB56yNAy5FnLuwOwgSYyPKptJtcMm6Ev+hRGeS+GzhbmRacHzvlESbFwDg==",
      "requires": {
        "@babel/runtime": "^7.7.6"
      }
    },
    "nanoid": {
      "version": "3.1.30",
      "resolved": "https://registry.npmjs.org/nanoid/-/nanoid-3.1.30.tgz",
      "integrity": "sha512-zJpuPDwOv8D2zq2WRoMe1HsfZthVewpel9CAvTfc/2mBD1uUT/agc5f7GHGWXlYkFvi1mVxe4IjvP2HNrop7nQ==",
      "dev": true
    },
    "query-string": {
      "version": "7.0.1",
      "resolved": "https://registry.npmjs.org/query-string/-/query-string-7.0.1.tgz",
      "integrity": "sha512-uIw3iRvHnk9to1blJCG3BTc+Ro56CBowJXKmNNAm3RulvPBzWLRqKSiiDk+IplJhsydwtuNMHi8UGQFcCLVfkA==",
      "dev": true,
      "requires": {
        "decode-uri-component": "^0.2.0",
        "filter-obj": "^1.1.0",
        "split-on-first": "^1.0.0",
        "strict-uri-encode": "^2.0.0"
      }
    },
    "react-is": {
      "version": "16.13.1",
      "resolved": "https://registry.npmjs.org/react-is/-/react-is-16.13.1.tgz",
      "integrity": "sha512-24e6ynE2H+OKt4kqsOvNd8kBpV65zoxbA4BVsEOB3ARVWQki/DHzaUoC5KuON/BiccDaCCTZBuOcfZs70kR8bQ==",
      "dev": true
    },
    "react-router": {
      "version": "6.0.2",
      "resolved": "https://registry.npmjs.org/react-router/-/react-router-6.0.2.tgz",
      "integrity": "sha512-8/Wm3Ed8t7TuedXjAvV39+c8j0vwrI5qVsYqjFr5WkJjsJpEvNSoLRUbtqSEYzqaTUj1IV+sbPJxvO+accvU0Q==",
      "requires": {
        "history": "^5.1.0"
      }
    },
    "react-router-dom": {
      "version": "6.0.2",
      "resolved": "https://registry.npmjs.org/react-router-dom/-/react-router-dom-6.0.2.tgz",
      "integrity": "sha512-cOpJ4B6raFutr0EG8O/M2fEoyQmwvZWomf1c6W2YXBZuFBx8oTk/zqjXghwScyhfrtnt0lANXV2182NQblRxFA==",
      "requires": {
        "history": "^5.1.0",
        "react-router": "6.0.2"
      }
    },
    "regenerator-runtime": {
      "version": "0.13.9",
      "resolved": "https://registry.npmjs.org/regenerator-runtime/-/regenerator-runtime-0.13.9.tgz",
      "integrity": "sha512-p3VT+cOEgxFsRRA9X4lkI1E+k2/CtnKtU4gcxyaCUreilL/vqI6CdZ3wxVUx3UOUg+gnUOQQcRI7BmSI656MYA=="
    },
    "split-on-first": {
      "version": "1.1.0",
      "resolved": "https://registry.npmjs.org/split-on-first/-/split-on-first-1.1.0.tgz",
      "integrity": "sha512-43ZssAJaMusuKWL8sKUBQXHWOpq8d6CfN/u1p4gUzfJkM05C8rxTmYrkIPTXapZpORA6LkkzcUulJ8FqA7Uudw==",
      "dev": true
    },
    "strict-uri-encode": {
      "version": "2.0.0",
      "resolved": "https://registry.npmjs.org/strict-uri-encode/-/strict-uri-encode-2.0.0.tgz",
      "integrity": "sha1-ucczDHBChi9rFC3CdLvMWGbONUY=",
      "dev": true
    }
  }
}
